
Microsoft Visual Studio Solution File, Format Version 12.00
# Visual Studio 15
Project("{FAE04EC0-301F-11D3-BF4B-00C04F79EFBC}") = "Assembly-CSharp", "Assembly-CSharp.csproj", "{B53B77A6-293E-5979-FF2F-B56874A949AA}"
EndProject
Project("{FAE04EC0-301F-11D3-BF4B-00C04F79EFBC}") = "RealSense", "RealSense.csproj", "{7600703E-BDAF-A269-3052-B79D8ED77CF2}"
EndProject
Project("{FAE04EC0-301F-11D3-BF4B-00C04F79EFBC}") = "Utils", "Utils.csproj", "{CA84D4CC-82CD-69B6-79DD-6E7AE8BF2C30}"
EndProject
Project("{FAE04EC0-301F-11D3-BF4B-00C04F79EFBC}") = "Assembly-CSharp-Editor", "Assembly-CSharp-Editor.csproj", "{6E98A298-0EE8-CDFF-6CB6-24581F73ED10}"
EndProject
Global
	GlobalSection(SolutionConfigurationPlatforms) = preSolution
		Debug|Any CPU = Debug|Any CPU
		Release|Any CPU = Release|Any CPU
	EndGlobalSection
	GlobalSection(ProjectConfigurationPlatforms) = postSolution
		{B53B77A6-293E-5979-FF2F-B56874A949AA}.Debug|Any CPU.ActiveCfg = Debug|Any CPU
		{B53B77A6-293E-5979-FF2F-B56874A949AA}.Debug|Any CPU.Build.0 = Debug|Any CPU
		{B53B77A6-293E-5979-FF2F-B56874A949AA}.Release|Any CPU.ActiveCfg = Release|Any CPU
		{B53B77A6-293E-5979-FF2F-B56874A949AA}.Release|Any CPU.Build.0 = Release|Any CPU
		{7600703E-BDAF-A269-3052-B79D8ED77CF2}.Debug|Any CPU.ActiveCfg = Debug|Any CPU
		{7600703E-BDAF-A269-3052-B79D8ED77CF2}.Debug|Any CPU.Build.0 = Debug|Any CPU
		{7600703E-BDAF-A269-3052-B79D8ED77CF2}.Release|Any CPU.ActiveCfg = Release|Any CPU
		{7600703E-BDAF-A269-3052-B79D8ED77CF2}.Release|Any CPU.Build.0 = Release|Any CPU
		{CA84D4CC-82CD-69B6-79DD-6E7AE8BF2C30}.Debug|Any CPU.ActiveCfg = Debug|Any CPU
		{CA84D4CC-82CD-69B6-79DD-6E7AE8BF2C30}.Debug|Any CPU.Build.0 = Debug|Any CPU
		{CA84D4CC-82CD-69B6-79DD-6E7AE8BF2C30}.Release|Any CPU.ActiveCfg = Release|Any CPU
		{CA84D4CC-82CD-69B6-79DD-6E7AE8BF2C30}.Release|Any CPU.Build.0 = Release|Any CPU
		{6E98A298-0EE8-CDFF-6CB6-24581F73ED10}.Debug|Any CPU.ActiveCfg = Debug|Any CPU
		{6E98A298-0EE8-CDFF-6CB6-24581F73ED10}.Debug|Any CPU.Build.0 = Debug|Any CPU
		{6E98A298-0EE8-CDFF-6CB6-24581F73ED10}.Release|Any CPU.ActiveCfg = Release|Any CPU
		{6E98A298-0EE8-CDFF-6CB6-24581F73ED10}.Release|Any CPU.Build.0 = Release|Any CPU
	EndGlobalSection
	GlobalSection(SolutionProperties) = preSolution
		HideSolutionNode = FALSE
	EndGlobalSection
EndGlobal
