
Microsoft Visual Studio Solution File, Format Version 12.00
# Visual Studio 2017
Project("{FAE04EC0-301F-11D3-BF4B-00C04F79EFBC}") = "blue_vr_interface", "blue_vr_interface.csproj", "{4C79915B-096D-7094-52D6-443D466542C0}"
EndProject
Project("{FAE04EC0-301F-11D3-BF4B-00C04F79EFBC}") = "Unity.TextMeshPro", "Unity.TextMeshPro.csproj", "{07A21C90-D344-AE1A-8456-9910C203B41A}"
EndProject
Project("{FAE04EC0-301F-11D3-BF4B-00C04F79EFBC}") = "RealSense", "RealSense.csproj", "{DD6F428B-6FD7-D396-848D-F082A772A183}"
EndProject
Project("{FAE04EC0-301F-11D3-BF4B-00C04F79EFBC}") = "Utils", "Utils.csproj", "{68C62501-6114-1E74-C71D-76A574D6B834}"
EndProject
Project("{FAE04EC0-301F-11D3-BF4B-00C04F79EFBC}") = "blue_vr_interface.Editor", "blue_vr_interface.Editor.csproj", "{5BBFBD47-DF39-AD37-1F91-A9220E87C525}"
EndProject
Project("{FAE04EC0-301F-11D3-BF4B-00C04F79EFBC}") = "Unity.PackageManagerUI.Editor", "Unity.PackageManagerUI.Editor.csproj", "{6877705C-FBD9-0C4F-5AFB-6FB431E5D39D}"
EndProject
Project("{FAE04EC0-301F-11D3-BF4B-00C04F79EFBC}") = "Unity.TextMeshPro.Editor", "Unity.TextMeshPro.Editor.csproj", "{3A848AB7-9891-EDDA-D555-BF184C2F81F4}"
EndProject
Project("{FAE04EC0-301F-11D3-BF4B-00C04F79EFBC}") = "UnityEditor.StandardEvents", "UnityEditor.StandardEvents.csproj", "{6800202F-4402-D405-F8CB-03DC7BD78B92}"
EndProject
Global
	GlobalSection(SolutionConfigurationPlatforms) = preSolution
		Debug|Any CPU = Debug|Any CPU
		Release|Any CPU = Release|Any CPU
	EndGlobalSection
	GlobalSection(ProjectConfigurationPlatforms) = postSolution
		{4C79915B-096D-7094-52D6-443D466542C0}.Debug|Any CPU.ActiveCfg = Debug|Any CPU
		{4C79915B-096D-7094-52D6-443D466542C0}.Debug|Any CPU.Build.0 = Debug|Any CPU
		{4C79915B-096D-7094-52D6-443D466542C0}.Release|Any CPU.ActiveCfg = Release|Any CPU
		{4C79915B-096D-7094-52D6-443D466542C0}.Release|Any CPU.Build.0 = Release|Any CPU
		{07A21C90-D344-AE1A-8456-9910C203B41A}.Debug|Any CPU.ActiveCfg = Debug|Any CPU
		{07A21C90-D344-AE1A-8456-9910C203B41A}.Debug|Any CPU.Build.0 = Debug|Any CPU
		{07A21C90-D344-AE1A-8456-9910C203B41A}.Release|Any CPU.ActiveCfg = Release|Any CPU
		{07A21C90-D344-AE1A-8456-9910C203B41A}.Release|Any CPU.Build.0 = Release|Any CPU
		{DD6F428B-6FD7-D396-848D-F082A772A183}.Debug|Any CPU.ActiveCfg = Debug|Any CPU
		{DD6F428B-6FD7-D396-848D-F082A772A183}.Debug|Any CPU.Build.0 = Debug|Any CPU
		{DD6F428B-6FD7-D396-848D-F082A772A183}.Release|Any CPU.ActiveCfg = Release|Any CPU
		{DD6F428B-6FD7-D396-848D-F082A772A183}.Release|Any CPU.Build.0 = Release|Any CPU
		{68C62501-6114-1E74-C71D-76A574D6B834}.Debug|Any CPU.ActiveCfg = Debug|Any CPU
		{68C62501-6114-1E74-C71D-76A574D6B834}.Debug|Any CPU.Build.0 = Debug|Any CPU
		{68C62501-6114-1E74-C71D-76A574D6B834}.Release|Any CPU.ActiveCfg = Release|Any CPU
		{68C62501-6114-1E74-C71D-76A574D6B834}.Release|Any CPU.Build.0 = Release|Any CPU
		{5BBFBD47-DF39-AD37-1F91-A9220E87C525}.Debug|Any CPU.ActiveCfg = Debug|Any CPU
		{5BBFBD47-DF39-AD37-1F91-A9220E87C525}.Debug|Any CPU.Build.0 = Debug|Any CPU
		{5BBFBD47-DF39-AD37-1F91-A9220E87C525}.Release|Any CPU.ActiveCfg = Release|Any CPU
		{5BBFBD47-DF39-AD37-1F91-A9220E87C525}.Release|Any CPU.Build.0 = Release|Any CPU
		{6877705C-FBD9-0C4F-5AFB-6FB431E5D39D}.Debug|Any CPU.ActiveCfg = Debug|Any CPU
		{6877705C-FBD9-0C4F-5AFB-6FB431E5D39D}.Debug|Any CPU.Build.0 = Debug|Any CPU
		{6877705C-FBD9-0C4F-5AFB-6FB431E5D39D}.Release|Any CPU.ActiveCfg = Release|Any CPU
		{6877705C-FBD9-0C4F-5AFB-6FB431E5D39D}.Release|Any CPU.Build.0 = Release|Any CPU
		{3A848AB7-9891-EDDA-D555-BF184C2F81F4}.Debug|Any CPU.ActiveCfg = Debug|Any CPU
		{3A848AB7-9891-EDDA-D555-BF184C2F81F4}.Debug|Any CPU.Build.0 = Debug|Any CPU
		{3A848AB7-9891-EDDA-D555-BF184C2F81F4}.Release|Any CPU.ActiveCfg = Release|Any CPU
		{3A848AB7-9891-EDDA-D555-BF184C2F81F4}.Release|Any CPU.Build.0 = Release|Any CPU
		{6800202F-4402-D405-F8CB-03DC7BD78B92}.Debug|Any CPU.ActiveCfg = Debug|Any CPU
		{6800202F-4402-D405-F8CB-03DC7BD78B92}.Debug|Any CPU.Build.0 = Debug|Any CPU
		{6800202F-4402-D405-F8CB-03DC7BD78B92}.Release|Any CPU.ActiveCfg = Release|Any CPU
		{6800202F-4402-D405-F8CB-03DC7BD78B92}.Release|Any CPU.Build.0 = Release|Any CPU
	EndGlobalSection
	GlobalSection(SolutionProperties) = preSolution
		HideSolutionNode = FALSE
	EndGlobalSection
EndGlobal
